// !$*UTF8*$!
{
	archiveVersion = 1;
	classes = {
	};
	objectVersion = 46;
	objects = {

/* Begin PBXBuildFile section */
		4B4DDAD81D9377A700F10877 /* AppDelegate.swift in Sources */ = {isa = PBXBuildFile; fileRef = 4B4DDAD71D9377A700F10877 /* AppDelegate.swift */; };
		4B4DDADD1D9377A700F10877 /* Main.storyboard in Resources */ = {isa = PBXBuildFile; fileRef = 4B4DDADB1D9377A700F10877 /* Main.storyboard */; };
		4B4DDADF1D9377A700F10877 /* Assets.xcassets in Resources */ = {isa = PBXBuildFile; fileRef = 4B4DDADE1D9377A700F10877 /* Assets.xcassets */; };
		4B4DDAE21D9377A700F10877 /* LaunchScreen.storyboard in Resources */ = {isa = PBXBuildFile; fileRef = 4B4DDAE01D9377A700F10877 /* LaunchScreen.storyboard */; };
		4B4DDAEA1D93789D00F10877 /* MenuItem.swift in Sources */ = {isa = PBXBuildFile; fileRef = 4B4DDAE91D93789D00F10877 /* MenuItem.swift */; };
		4B4DDAEC1D937BFC00F10877 /* MainViewController.swift in Sources */ = {isa = PBXBuildFile; fileRef = 4B4DDAEB1D937BFC00F10877 /* MainViewController.swift */; };
		4B4DDAEE1D93841000F10877 /* MenuCell.swift in Sources */ = {isa = PBXBuildFile; fileRef = 4B4DDAED1D93841000F10877 /* MenuCell.swift */; };
		4B4DDAF01D93847C00F10877 /* MenuViewController.swift in Sources */ = {isa = PBXBuildFile; fileRef = 4B4DDAEF1D93847C00F10877 /* MenuViewController.swift */; };
		4B4DDAF31D93B83B00F10877 /* MoveTransition.swift in Sources */ = {isa = PBXBuildFile; fileRef = 4B4DDAF21D93B83B00F10877 /* MoveTransition.swift */; };
/* End PBXBuildFile section */

/* Begin PBXFileReference section */
		4B4DDAD41D9377A600F10877 /* Animation2.app */ = {isa = PBXFileReference; explicitFileType = wrapper.application; includeInIndex = 0; path = Animation2.app; sourceTree = BUILT_PRODUCTS_DIR; };
		4B4DDAD71D9377A700F10877 /* AppDelegate.swift */ = {isa = PBXFileReference; lastKnownFileType = sourcecode.swift; path = AppDelegate.swift; sourceTree = "<group>"; };
		4B4DDADC1D9377A700F10877 /* Base */ = {isa = PBXFileReference; lastKnownFileType = file.storyboard; name = Base; path = Base.lproj/Main.storyboard; sourceTree = "<group>"; };
		4B4DDADE1D9377A700F10877 /* Assets.xcassets */ = {isa = PBXFileReference; lastKnownFileType = folder.assetcatalog; path = Assets.xcassets; sourceTree = "<group>"; };
		4B4DDAE11D9377A700F10877 /* Base */ = {isa = PBXFileReference; lastKnownFileType = file.storyboard; name = Base; path = Base.lproj/LaunchScreen.storyboard; sourceTree = "<group>"; };
		4B4DDAE31D9377A700F10877 /* Info.plist */ = {isa = PBXFileReference; lastKnownFileType = text.plist.xml; path = Info.plist; sourceTree = "<group>"; };
		4B4DDAE91D93789D00F10877 /* MenuItem.swift */ = {isa = PBXFileReference; fileEncoding = 4; lastKnownFileType = sourcecode.swift; path = MenuItem.swift; sourceTree = "<group>"; };
		4B4DDAEB1D937BFC00F10877 /* MainViewController.swift */ = {isa = PBXFileReference; fileEncoding = 4; lastKnownFileType = sourcecode.swift; path = MainViewController.swift; sourceTree = "<group>"; };
		4B4DDAED1D93841000F10877 /* MenuCell.swift */ = {isa = PBXFileReference; fileEncoding = 4; lastKnownFileType = sourcecode.swift; path = MenuCell.swift; sourceTree = "<group>"; };
		4B4DDAEF1D93847C00F10877 /* MenuViewController.swift */ = {isa = PBXFileReference; fileEncoding = 4; lastKnownFileType = sourcecode.swift; path = MenuViewController.swift; sourceTree = "<group>"; };
		4B4DDAF21D93B83B00F10877 /* MoveTransition.swift */ = {isa = PBXFileReference; fileEncoding = 4; lastKnownFileType = sourcecode.swift; path = MoveTransition.swift; sourceTree = "<group>"; };
/* End PBXFileReference section */

/* Begin PBXFrameworksBuildPhase section */
		4B4DDAD11D9377A600F10877 /* Frameworks */ = {
			isa = PBXFrameworksBuildPhase;
			buildActionMask = 2147483647;
			files = (
			);
			runOnlyForDeploymentPostprocessing = 0;
		};
/* End PBXFrameworksBuildPhase section */

/* Begin PBXGroup section */
		4B4DDACB1D9377A600F10877 = {
			isa = PBXGroup;
			children = (
				4B4DDAD61D9377A700F10877 /* Animation2 */,
				4B4DDAD51D9377A600F10877 /* Products */,
			);
			sourceTree = "<group>";
		};
		4B4DDAD51D9377A600F10877 /* Products */ = {
			isa = PBXGroup;
			children = (
				4B4DDAD41D9377A600F10877 /* Animation2.app */,
			);
			name = Products;
			sourceTree = "<group>";
		};
		4B4DDAD61D9377A700F10877 /* Animation2 */ = {
			isa = PBXGroup;
			children = (
				4B4DDAD71D9377A700F10877 /* AppDelegate.swift */,
				4B4DDAEB1D937BFC00F10877 /* MainViewController.swift */,
				4B4DDAEF1D93847C00F10877 /* MenuViewController.swift */,
				4B4DDAED1D93841000F10877 /* MenuCell.swift */,
				4B4DDAF21D93B83B00F10877 /* MoveTransition.swift */,
				4B4DDAE91D93789D00F10877 /* MenuItem.swift */,
				4B4DDADB1D9377A700F10877 /* Main.storyboard */,
				4B4DDADE1D9377A700F10877 /* Assets.xcassets */,
				4B4DDAE01D9377A700F10877 /* LaunchScreen.storyboard */,
				4B4DDAE31D9377A700F10877 /* Info.plist */,
			);
			path = Animation2;
			sourceTree = "<group>";
		};
/* End PBXGroup section */

/* Begin PBXNativeTarget section */
		4B4DDAD31D9377A600F10877 /* Animation2 */ = {
			isa = PBXNativeTarget;
			buildConfigurationList = 4B4DDAE61D9377A700F10877 /* Build configuration list for PBXNativeTarget "Animation2" */;
			buildPhases = (
				4B4DDAD01D9377A600F10877 /* Sources */,
				4B4DDAD11D9377A600F10877 /* Frameworks */,
				4B4DDAD21D9377A600F10877 /* Resources */,
			);
			buildRules = (
			);
			dependencies = (
			);
			name = Animation2;
			productName = Animation2;
			productReference = 4B4DDAD41D9377A600F10877 /* Animation2.app */;
			productType = "com.apple.product-type.application";
		};
/* End PBXNativeTarget section */

/* Begin PBXProject section */
		4B4DDACC1D9377A600F10877 /* Project object */ = {
			isa = PBXProject;
			attributes = {
				LastSwiftUpdateCheck = 0730;
				LastUpgradeCheck = 0730;
				ORGANIZATIONNAME = "刘鑫";
				TargetAttributes = {
					4B4DDAD31D9377A600F10877 = {
						CreatedOnToolsVersion = 7.3.1;
					};
				};
			};
			buildConfigurationList = 4B4DDACF1D9377A600F10877 /* Build configuration list for PBXProject "Animation2" */;
			compatibilityVersion = "Xcode 3.2";
			developmentRegion = English;
			hasScannedForEncodings = 0;
			knownRegions = (
				en,
				Base,
			);
			mainGroup = 4B4DDACB1D9377A600F10877;
			productRefGroup = 4B4DDAD51D9377A600F10877 /* Products */;
			projectDirPath = "";
			projectRoot = "";
			targets = (
				4B4DDAD31D9377A600F10877 /* Animation2 */,
			);
		};
/* End PBXProject section */

/* Begin PBXResourcesBuildPhase section */
		4B4DDAD21D9377A600F10877 /* Resources */ = {
			isa = PBXResourcesBuildPhase;
			buildActionMask = 2147483647;
			files = (
				4B4DDAE21D9377A700F10877 /* LaunchScreen.storyboard in Resources */,
				4B4DDADF1D9377A700F10877 /* Assets.xcassets in Resources */,
				4B4DDADD1D9377A700F10877 /* Main.storyboard in Resources */,
			);
			runOnlyForDeploymentPostprocessing = 0;
		};
/* End PBXResourcesBuildPhase section */

/* Begin PBXSourcesBuildPhase section */
		4B4DDAD01D9377A600F10877 /* Sources */ = {
			isa = PBXSourcesBuildPhase;
			buildActionMask = 2147483647;
			files = (
				4B4DDAEC1D937BFC00F10877 /* MainViewController.swift in Sources */,
				4B4DDAF01D93847C00F10877 /* MenuViewController.swift in Sources */,
				4B4DDAEA1D93789D00F10877 /* MenuItem.swift in Sources */,
				4B4DDAEE1D93841000F10877 /* MenuCell.swift in Sources */,
				4B4DDAD81D9377A700F10877 /* AppDelegate.swift in Sources */,
				4B4DDAF31D93B83B00F10877 /* MoveTransition.swift in Sources */,
			);
			runOnlyForDeploymentPostprocessing = 0;
		};
/* End PBXSourcesBuildPhase section */

/* Begin PBXVariantGroup section */
		4B4DDADB1D9377A700F10877 /* Main.storyboard */ = {
			isa = PBXVariantGroup;
			children = (
				4B4DDADC1D9377A700F10877 /* Base */,
			);
			name = Main.storyboard;
			sourceTree = "<group>";
		};
		4B4DDAE01D9377A700F10877 /* LaunchScreen.storyboard */ = {
			isa = PBXVariantGroup;
			children = (
				4B4DDAE11D9377A700F10877 /* Base */,
			);
			name = LaunchScreen.storyboard;
			sourceTree = "<group>";
		};
/* End PBXVariantGroup section */

/* Begin XCBuildConfiguration section */
		4B4DDAE41D9377A700F10877 /* Debug */ = {
			isa = XCBuildConfiguration;
			buildSettings = {
				ALWAYS_SEARCH_USER_PATHS = NO;
				CLANG_ANALYZER_NONNULL = YES;
				CLANG_CXX_LANGUAGE_STANDARD = "gnu++0x";
				CLANG_CXX_LIBRARY = "libc++";
				CLANG_ENABLE_MODULES = YES;
				CLANG_ENABLE_OBJC_ARC = YES;
				CLANG_WARN_BOOL_CONVERSION = YES;
				CLANG_WARN_CONSTANT_CONVERSION = YES;
				CLANG_WARN_DIRECT_OBJC_ISA_USAGE = YES_ERROR;
				CLANG_WARN_EMPTY_BODY = YES;
				CLANG_WARN_ENUM_CONVERSION = YES;
				CLANG_WARN_INT_CONVERSION = YES;
				CLANG_WARN_OBJC_ROOT_CLASS = YES_ERROR;
				CLANG_WARN_UNREACHABLE_CODE = YES;
				CLANG_WARN__DUPLICATE_METHOD_MATCH = YES;
				"CODE_SIGN_IDENTITY[sdk=iphoneos*]" = "iPhone Developer";
				COPY_PHASE_STRIP = NO;
				DEBUG_INFORMATION_FORMAT = dwarf;
				ENABLE_STRICT_OBJC_MSGSEND = YES;
				ENABLE_TESTABILITY = YES;
				GCC_C_LANGUAGE_STANDARD = gnu99;
				GCC_DYNAMIC_NO_PIC = NO;
				GCC_NO_COMMON_BLOCKS = YES;
				GCC_OPTIMIZATION_LEVEL = 0;
				GCC_PREPROCESSOR_DEFINITIONS = (
					"DEBUG=1",
					"$(inherited)",
				);
				GCC_WARN_64_TO_32_BIT_CONVERSION = YES;
				GCC_WARN_ABOUT_RETURN_TYPE = YES_ERROR;
				GCC_WARN_UNDECLARED_SELECTOR = YES;
				GCC_WARN_UNINITIALIZED_AUTOS = YES_AGGRESSIVE;
				GCC_WARN_UNUSED_FUNCTION = YES;
				GCC_WARN_UNUSED_VARIABLE = YES;
				IPHONEOS_DEPLOYMENT_TARGET = 9.3;
				MTL_ENABLE_DEBUG_INFO = YES;
				ONLY_ACTIVE_ARCH = YES;
				SDKROOT = iphoneos;
				SWIFT_OPTIMIZATION_LEVEL = "-Onone";
			};
			name = Debug;
		};
		4B4DDAE51D9377A700F10877 /* Release */ = {
			isa = XCBuildConfiguration;
			buildSettings = {
				ALWAYS_SEARCH_USER_PATHS = NO;
				CLANG_ANALYZER_NONNULL = YES;
				CLANG_CXX_LANGUAGE_STANDARD = "gnu++0x";
				CLANG_CXX_LIBRARY = "libc++";
				CLANG_ENABLE_MODULES = YES;
				CLANG_ENABLE_OBJC_ARC = YES;
				CLANG_WARN_BOOL_CONVERSION = YES;
				CLANG_WARN_CONSTANT_CONVERSION = YES;
				CLANG_WARN_DIRECT_OBJC_ISA_USAGE = YES_ERROR;
				CLANG_WARN_EMPTY_BODY = YES;
				CLANG_WARN_ENUM_CONVERSION = YES;
				CLANG_WARN_INT_CONVERSION = YES;
				CLANG_WARN_OBJC_ROOT_CLASS = YES_ERROR;
				CLANG_WARN_UNREACHABLE_CODE = YES;
				CLANG_WARN__DUPLICATE_METHOD_MATCH = YES;
				"CODE_SIGN_IDENTITY[sdk=iphoneos*]" = "iPhone Developer";
				COPY_PHASE_STRIP = NO;
				DEBUG_INFORMATION_FORMAT = "dwarf-with-dsym";
				ENABLE_NS_ASSERTIONS = NO;
				ENABLE_STRICT_OBJC_MSGSEND = YES;
				GCC_C_LANGUAGE_STANDARD = gnu99;
				GCC_NO_COMMON_BLOCKS = YES;
				GCC_WARN_64_TO_32_BIT_CONVERSION = YES;
				GCC_WARN_ABOUT_RETURN_TYPE = YES_ERROR;
				GCC_WARN_UNDECLARED_SELECTOR = YES;
				GCC_WARN_UNINITIALIZED_AUTOS = YES_AGGRESSIVE;
				GCC_WARN_UNUSED_FUNCTION = YES;
				GCC_WARN_UNUSED_VARIABLE = YES;
				IPHONEOS_DEPLOYMENT_TARGET = 9.3;
				MTL_ENABLE_DEBUG_INFO = NO;
				SDKROOT = iphoneos;
				VALIDATE_PRODUCT = YES;
			};
			name = Release;
		};
		4B4DDAE71D9377A700F10877 /* Debug */ = {
			isa = XCBuildConfiguration;
			buildSettings = {
				ASSETCATALOG_COMPILER_APPICON_NAME = AppIcon;
				INFOPLIST_FILE = Animation2/Info.plist;
				LD_RUNPATH_SEARCH_PATHS = "$(inherited) @executable_path/Frameworks";
				PRODUCT_BUNDLE_IDENTIFIER = com.apple.Animation2;
				PRODUCT_NAME = "$(TARGET_NAME)";
			};
			name = Debug;
		};
		4B4DDAE81D9377A700F10877 /* Release */ = {
			isa = XCBuildConfiguration;
			buildSettings = {
				ASSETCATALOG_COMPILER_APPICON_NAME = AppIcon;
				INFOPLIST_FILE = Animation2/Info.plist;
				LD_RUNPATH_SEARCH_PATHS = "$(inherited) @executable_path/Frameworks";
				PRODUCT_BUNDLE_IDENTIFIER = com.apple.Animation2;
				PRODUCT_NAME = "$(TARGET_NAME)";
			};
			name = Release;
		};
/* End XCBuildConfiguration section */

/* Begin XCConfigurationList section */
		4B4DDACF1D9377A600F10877 /* Build configuration list for PBXProject "Animation2" */ = {
			isa = XCConfigurationList;
			buildConfigurations = (
				4B4DDAE41D9377A700F10877 /* Debug */,
				4B4DDAE51D9377A700F10877 /* Release */,
			);
			defaultConfigurationIsVisible = 0;
			defaultConfigurationName = Release;
		};
		4B4DDAE61D9377A700F10877 /* Build configuration list for PBXNativeTarget "Animation2" */ = {
			isa = XCConfigurationList;
			buildConfigurations = (
				4B4DDAE71D9377A700F10877 /* Debug */,
				4B4DDAE81D9377A700F10877 /* Release */,
			);
			defaultConfigurationIsVisible = 0;
		};
/* End XCConfigurationList section */
	};
	rootObject = 4B4DDACC1D9377A600F10877 /* Project object */;
}
